
Microsoft Visual Studio Solution File, Format Version 12.00
# Visual Studio Version 16
VisualStudioVersion = 16.0.30804.86
MinimumVisualStudioVersion = 10.0.40219.1
Project("{8BC9CEB8-8B4A-11D0-8D11-00A0C91BC942}") = "Range", "Range.vcxproj", "{3AFE2370-62FA-48C7-A6BF-17DFB1B505EB}"
EndProject
Project("{8BC9CEB8-8B4A-11D0-8D11-00A0C91BC942}") = "Range.Test", "..\Range.Test\Range.Test.vcxproj", "{31FB45C6-E7F6-4815-ACF3-7666548A6549}"
EndProject
Global
	GlobalSection(SolutionConfigurationPlatforms) = preSolution
		Debug|x64 = Debug|x64
		Debug|x86 = Debug|x86
		Release|x64 = Release|x64
		Release|x86 = Release|x86
	EndGlobalSection
	GlobalSection(ProjectConfigurationPlatforms) = postSolution
		{3AFE2370-62FA-48C7-A6BF-17DFB1B505EB}.Debug|x64.ActiveCfg = Debug|x64
		{3AFE2370-62FA-48C7-A6BF-17DFB1B505EB}.Debug|x64.Build.0 = Debug|x64
		{3AFE2370-62FA-48C7-A6BF-17DFB1B505EB}.Debug|x86.ActiveCfg = Debug|Win32
		{3AFE2370-62FA-48C7-A6BF-17DFB1B505EB}.Debug|x86.Build.0 = Debug|Win32
		{3AFE2370-62FA-48C7-A6BF-17DFB1B505EB}.Release|x64.ActiveCfg = Release|x64
		{3AFE2370-62FA-48C7-A6BF-17DFB1B505EB}.Release|x64.Build.0 = Release|x64
		{3AFE2370-62FA-48C7-A6BF-17DFB1B505EB}.Release|x86.ActiveCfg = Release|Win32
		{3AFE2370-62FA-48C7-A6BF-17DFB1B505EB}.Release|x86.Build.0 = Release|Win32
		{31FB45C6-E7F6-4815-ACF3-7666548A6549}.Debug|x64.ActiveCfg = Debug|x64
		{31FB45C6-E7F6-4815-ACF3-7666548A6549}.Debug|x64.Build.0 = Debug|x64
		{31FB45C6-E7F6-4815-ACF3-7666548A6549}.Debug|x86.ActiveCfg = Debug|Win32
		{31FB45C6-E7F6-4815-ACF3-7666548A6549}.Debug|x86.Build.0 = Debug|Win32
		{31FB45C6-E7F6-4815-ACF3-7666548A6549}.Release|x64.ActiveCfg = Release|x64
		{31FB45C6-E7F6-4815-ACF3-7666548A6549}.Release|x64.Build.0 = Release|x64
		{31FB45C6-E7F6-4815-ACF3-7666548A6549}.Release|x86.ActiveCfg = Release|Win32
		{31FB45C6-E7F6-4815-ACF3-7666548A6549}.Release|x86.Build.0 = Release|Win32
	EndGlobalSection
	GlobalSection(SolutionProperties) = preSolution
		HideSolutionNode = FALSE
	EndGlobalSection
	GlobalSection(ExtensibilityGlobals) = postSolution
		SolutionGuid = {ACEF590E-5EAE-4F62-9BEA-EB25A9ABA433}
	EndGlobalSection
EndGlobal
